
Microsoft Visual Studio Solution File, Format Version 12.00
# Visual Studio 15
VisualStudioVersion = 15.0.28010.2036
MinimumVisualStudioVersion = 10.0.40219.1
Project("{FAE04EC0-301F-11D3-BF4B-00C04F79EFBC}") = "StressTestCommander", "stressTestCommander\StressTestCommander.csproj", "{D24F246A-AF1F-48BD-B9EE-382B9116FBED}"
EndProject
Global
	GlobalSection(SolutionConfigurationPlatforms) = preSolution
		Debug|Any CPU = Debug|Any CPU
		Release|Any CPU = Release|Any CPU
	EndGlobalSection
	GlobalSection(ProjectConfigurationPlatforms) = postSolution
		{D24F246A-AF1F-48BD-B9EE-382B9116FBED}.Debug|Any CPU.ActiveCfg = Debug|Any CPU
		{D24F246A-AF1F-48BD-B9EE-382B9116FBED}.Debug|Any CPU.Build.0 = Debug|Any CPU
		{D24F246A-AF1F-48BD-B9EE-382B9116FBED}.Release|Any CPU.ActiveCfg = Release|Any CPU
		{D24F246A-AF1F-48BD-B9EE-382B9116FBED}.Release|Any CPU.Build.0 = Release|Any CPU
	EndGlobalSection
	GlobalSection(SolutionProperties) = preSolution
		HideSolutionNode = FALSE
	EndGlobalSection
	GlobalSection(ExtensibilityGlobals) = postSolution
		SolutionGuid = {0A2F1761-78E1-475B-AD65-AFB75E9E9323}
	EndGlobalSection
EndGlobal
